
Microsoft Visual Studio Solution File, Format Version 12.00
# Visual Studio Version 17
VisualStudioVersion = 17.4.33213.308
MinimumVisualStudioVersion = 10.0.40219.1
Project("{9A19103F-16F7-4668-BE54-9A1E7A4F7556}") = "Diev.Extensions", "Diev.Extensions\Diev.Extensions.csproj", "{0FBEC75B-44A5-4F00-A6FD-0FCD46C01387}"
EndProject
Project("{FAE04EC0-301F-11D3-BF4B-00C04F79EFBC}") = "CleanProperties", "CleanProperties\CleanProperties.csproj", "{748A5FD9-22E9-4F9D-BC7A-D4FA96DA284D}"
EndProject
Global
	GlobalSection(SolutionConfigurationPlatforms) = preSolution
		Debug|Any CPU = Debug|Any CPU
		Release|Any CPU = Release|Any CPU
	EndGlobalSection
	GlobalSection(ProjectConfigurationPlatforms) = postSolution
		{0FBEC75B-44A5-4F00-A6FD-0FCD46C01387}.Debug|Any CPU.ActiveCfg = Debug|Any CPU
		{0FBEC75B-44A5-4F00-A6FD-0FCD46C01387}.Debug|Any CPU.Build.0 = Debug|Any CPU
		{0FBEC75B-44A5-4F00-A6FD-0FCD46C01387}.Release|Any CPU.ActiveCfg = Release|Any CPU
		{0FBEC75B-44A5-4F00-A6FD-0FCD46C01387}.Release|Any CPU.Build.0 = Release|Any CPU
		{748A5FD9-22E9-4F9D-BC7A-D4FA96DA284D}.Debug|Any CPU.ActiveCfg = Debug|Any CPU
		{748A5FD9-22E9-4F9D-BC7A-D4FA96DA284D}.Debug|Any CPU.Build.0 = Debug|Any CPU
		{748A5FD9-22E9-4F9D-BC7A-D4FA96DA284D}.Release|Any CPU.ActiveCfg = Release|Any CPU
		{748A5FD9-22E9-4F9D-BC7A-D4FA96DA284D}.Release|Any CPU.Build.0 = Release|Any CPU
	EndGlobalSection
	GlobalSection(SolutionProperties) = preSolution
		HideSolutionNode = FALSE
	EndGlobalSection
	GlobalSection(ExtensibilityGlobals) = postSolution
		SolutionGuid = {344109BB-3D36-447C-AE18-8507E92DD091}
	EndGlobalSection
EndGlobal
